// !$*UTF8*$!
{
	archiveVersion = 1;
	classes = {
	};
	objectVersion = 50;
	objects = {

/* Begin PBXBuildFile section */
		C0EDB6A024FCCD200064B15C /* AppDelegate.swift in Sources */ = {isa = PBXBuildFile; fileRef = C0EDB69F24FCCD200064B15C /* AppDelegate.swift */; };
		C0EDB6A224FCCD200064B15C /* SceneDelegate.swift in Sources */ = {isa = PBXBuildFile; fileRef = C0EDB6A124FCCD200064B15C /* SceneDelegate.swift */; };
		C0EDB6A424FCCD200064B15C /* ViewController.swift in Sources */ = {isa = PBXBuildFile; fileRef = C0EDB6A324FCCD200064B15C /* ViewController.swift */; };
		C0EDB6A724FCCD200064B15C /* Main.storyboard in Resources */ = {isa = PBXBuildFile; fileRef = C0EDB6A524FCCD200064B15C /* Main.storyboard */; };
		C0EDB6A924FCCD260064B15C /* Assets.xcassets in Resources */ = {isa = PBXBuildFile; fileRef = C0EDB6A824FCCD260064B15C /* Assets.xcassets */; };
		C0EDB6AC24FCCD260064B15C /* LaunchScreen.storyboard in Resources */ = {isa = PBXBuildFile; fileRef = C0EDB6AA24FCCD260064B15C /* LaunchScreen.storyboard */; };
/* End PBXBuildFile section */

/* Begin PBXFileReference section */
		C0EDB69C24FCCD200064B15C /* THRouter.app */ = {isa = PBXFileReference; explicitFileType = wrapper.application; includeInIndex = 0; path = THRouter.app; sourceTree = BUILT_PRODUCTS_DIR; };
		C0EDB69F24FCCD200064B15C /* AppDelegate.swift */ = {isa = PBXFileReference; lastKnownFileType = sourcecode.swift; path = AppDelegate.swift; sourceTree = "<group>"; };
		C0EDB6A124FCCD200064B15C /* SceneDelegate.swift */ = {isa = PBXFileReference; lastKnownFileType = sourcecode.swift; path = SceneDelegate.swift; sourceTree = "<group>"; };
		C0EDB6A324FCCD200064B15C /* ViewController.swift */ = {isa = PBXFileReference; lastKnownFileType = sourcecode.swift; path = ViewController.swift; sourceTree = "<group>"; };
		C0EDB6A624FCCD200064B15C /* Base */ = {isa = PBXFileReference; lastKnownFileType = file.storyboard; name = Base; path = Base.lproj/Main.storyboard; sourceTree = "<group>"; };
		C0EDB6A824FCCD260064B15C /* Assets.xcassets */ = {isa = PBXFileReference; lastKnownFileType = folder.assetcatalog; path = Assets.xcassets; sourceTree = "<group>"; };
		C0EDB6AB24FCCD260064B15C /* Base */ = {isa = PBXFileReference; lastKnownFileType = file.storyboard; name = Base; path = Base.lproj/LaunchScreen.storyboard; sourceTree = "<group>"; };
		C0EDB6AD24FCCD260064B15C /* Info.plist */ = {isa = PBXFileReference; lastKnownFileType = text.plist.xml; path = Info.plist; sourceTree = "<group>"; };
/* End PBXFileReference section */

/* Begin PBXFrameworksBuildPhase section */
		C0EDB69924FCCD200064B15C /* Frameworks */ = {
			isa = PBXFrameworksBuildPhase;
			buildActionMask = 2147483647;
			files = (
			);
			runOnlyForDeploymentPostprocessing = 0;
		};
/* End PBXFrameworksBuildPhase section */

/* Begin PBXGroup section */
		C0EDB69324FCCD200064B15C = {
			isa = PBXGroup;
			children = (
				C0EDB69E24FCCD200064B15C /* THRouter */,
				C0EDB69D24FCCD200064B15C /* Products */,
			);
			sourceTree = "<group>";
		};
		C0EDB69D24FCCD200064B15C /* Products */ = {
			isa = PBXGroup;
			children = (
				C0EDB69C24FCCD200064B15C /* THRouter.app */,
			);
			name = Products;
			sourceTree = "<group>";
		};
		C0EDB69E24FCCD200064B15C /* THRouter */ = {
			isa = PBXGroup;
			children = (
				C0EDB69F24FCCD200064B15C /* AppDelegate.swift */,
				C0EDB6A124FCCD200064B15C /* SceneDelegate.swift */,
				C0EDB6A324FCCD200064B15C /* ViewController.swift */,
				C0EDB6A524FCCD200064B15C /* Main.storyboard */,
				C0EDB6A824FCCD260064B15C /* Assets.xcassets */,
				C0EDB6AA24FCCD260064B15C /* LaunchScreen.storyboard */,
				C0EDB6AD24FCCD260064B15C /* Info.plist */,
			);
			path = THRouter;
			sourceTree = "<group>";
		};
/* End PBXGroup section */

/* Begin PBXNativeTarget section */
		C0EDB69B24FCCD200064B15C /* THRouter */ = {
			isa = PBXNativeTarget;
			buildConfigurationList = C0EDB6B024FCCD260064B15C /* Build configuration list for PBXNativeTarget "THRouter" */;
			buildPhases = (
				C0EDB69824FCCD200064B15C /* Sources */,
				C0EDB69924FCCD200064B15C /* Frameworks */,
				C0EDB69A24FCCD200064B15C /* Resources */,
			);
			buildRules = (
			);
			dependencies = (
			);
			name = THRouter;
			productName = THRouter;
			productReference = C0EDB69C24FCCD200064B15C /* THRouter.app */;
			productType = "com.apple.product-type.application";
		};
/* End PBXNativeTarget section */

/* Begin PBXProject section */
		C0EDB69424FCCD200064B15C /* Project object */ = {
			isa = PBXProject;
			attributes = {
				LastSwiftUpdateCheck = 1160;
				LastUpgradeCheck = 1160;
				ORGANIZATIONNAME = "Juan Felix";
				TargetAttributes = {
					C0EDB69B24FCCD200064B15C = {
						CreatedOnToolsVersion = 11.6;
					};
				};
			};
			buildConfigurationList = C0EDB69724FCCD200064B15C /* Build configuration list for PBXProject "THRouter" */;
			compatibilityVersion = "Xcode 9.3";
			developmentRegion = en;
			hasScannedForEncodings = 0;
			knownRegions = (
				en,
				Base,
			);
			mainGroup = C0EDB69324FCCD200064B15C;
			productRefGroup = C0EDB69D24FCCD200064B15C /* Products */;
			projectDirPath = "";
			projectRoot = "";
			targets = (
				C0EDB69B24FCCD200064B15C /* THRouter */,
			);
		};
/* End PBXProject section */

/* Begin PBXResourcesBuildPhase section */
		C0EDB69A24FCCD200064B15C /* Resources */ = {
			isa = PBXResourcesBuildPhase;
			buildActionMask = 2147483647;
			files = (
				C0EDB6AC24FCCD260064B15C /* LaunchScreen.storyboard in Resources */,
				C0EDB6A924FCCD260064B15C /* Assets.xcassets in Resources */,
				C0EDB6A724FCCD200064B15C /* Main.storyboard in Resources */,
			);
			runOnlyForDeploymentPostprocessing = 0;
		};
/* End PBXResourcesBuildPhase section */

/* Begin PBXSourcesBuildPhase section */
		C0EDB69824FCCD200064B15C /* Sources */ = {
			isa = PBXSourcesBuildPhase;
			buildActionMask = 2147483647;
			files = (
				C0EDB6A424FCCD200064B15C /* ViewController.swift in Sources */,
				C0EDB6A024FCCD200064B15C /* AppDelegate.swift in Sources */,
				C0EDB6A224FCCD200064B15C /* SceneDelegate.swift in Sources */,
			);
			runOnlyForDeploymentPostprocessing = 0;
		};
/* End PBXSourcesBuildPhase section */

/* Begin PBXVariantGroup section */
		C0EDB6A524FCCD200064B15C /* Main.storyboard */ = {
			isa = PBXVariantGroup;
			children = (
				C0EDB6A624FCCD200064B15C /* Base */,
			);
			name = Main.storyboard;
			sourceTree = "<group>";
		};
		C0EDB6AA24FCCD260064B15C /* LaunchScreen.storyboard */ = {
			isa = PBXVariantGroup;
			children = (
				C0EDB6AB24FCCD260064B15C /* Base */,
			);
			name = LaunchScreen.storyboard;
			sourceTree = "<group>";
		};
/* End PBXVariantGroup section */

/* Begin XCBuildConfiguration section */
		C0EDB6AE24FCCD260064B15C /* Debug */ = {
			isa = XCBuildConfiguration;
			buildSettings = {
				ALWAYS_SEARCH_USER_PATHS = NO;
				CLANG_ANALYZER_NONNULL = YES;
				CLANG_ANALYZER_NUMBER_OBJECT_CONVERSION = YES_AGGRESSIVE;
				CLANG_CXX_LANGUAGE_STANDARD = "gnu++14";
				CLANG_CXX_LIBRARY = "libc++";
				CLANG_ENABLE_MODULES = YES;
				CLANG_ENABLE_OBJC_ARC = YES;
				CLANG_ENABLE_OBJC_WEAK = YES;
				CLANG_WARN_BLOCK_CAPTURE_AUTORELEASING = YES;
				CLANG_WARN_BOOL_CONVERSION = YES;
				CLANG_WARN_COMMA = YES;
				CLANG_WARN_CONSTANT_CONVERSION = YES;
				CLANG_WARN_DEPRECATED_OBJC_IMPLEMENTATIONS = YES;
				CLANG_WARN_DIRECT_OBJC_ISA_USAGE = YES_ERROR;
				CLANG_WARN_DOCUMENTATION_COMMENTS = YES;
				CLANG_WARN_EMPTY_BODY = YES;
				CLANG_WARN_ENUM_CONVERSION = YES;
				CLANG_WARN_INFINITE_RECURSION = YES;
				CLANG_WARN_INT_CONVERSION = YES;
				CLANG_WARN_NON_LITERAL_NULL_CONVERSION = YES;
				CLANG_WARN_OBJC_IMPLICIT_RETAIN_SELF = YES;
				CLANG_WARN_OBJC_LITERAL_CONVERSION = YES;
				CLANG_WARN_OBJC_ROOT_CLASS = YES_ERROR;
				CLANG_WARN_RANGE_LOOP_ANALYSIS = YES;
				CLANG_WARN_STRICT_PROTOTYPES = YES;
				CLANG_WARN_SUSPICIOUS_MOVE = YES;
				CLANG_WARN_UNGUARDED_AVAILABILITY = YES_AGGRESSIVE;
				CLANG_WARN_UNREACHABLE_CODE = YES;
				CLANG_WARN__DUPLICATE_METHOD_MATCH = YES;
				COPY_PHASE_STRIP = NO;
				DEBUG_INFORMATION_FORMAT = dwarf;
				ENABLE_STRICT_OBJC_MSGSEND = YES;
				ENABLE_TESTABILITY = YES;
				GCC_C_LANGUAGE_STANDARD = gnu11;
				GCC_DYNAMIC_NO_PIC = NO;
				GCC_NO_COMMON_BLOCKS = YES;
				GCC_OPTIMIZATION_LEVEL = 0;
				GCC_PREPROCESSOR_DEFINITIONS = (
					"DEBUG=1",
					"$(inherited)",
				);
				GCC_WARN_64_TO_32_BIT_CONVERSION = YES;
				GCC_WARN_ABOUT_RETURN_TYPE = YES_ERROR;
				GCC_WARN_UNDECLARED_SELECTOR = YES;
				GCC_WARN_UNINITIALIZED_AUTOS = YES_AGGRESSIVE;
				GCC_WARN_UNUSED_FUNCTION = YES;
				GCC_WARN_UNUSED_VARIABLE = YES;
				IPHONEOS_DEPLOYMENT_TARGET = 13.6;
				MTL_ENABLE_DEBUG_INFO = INCLUDE_SOURCE;
				MTL_FAST_MATH = YES;
				ONLY_ACTIVE_ARCH = YES;
				SDKROOT = iphoneos;
				SWIFT_ACTIVE_COMPILATION_CONDITIONS = DEBUG;
				SWIFT_OPTIMIZATION_LEVEL = "-Onone";
			};
			name = Debug;
		};
		C0EDB6AF24FCCD260064B15C /* Release */ = {
			isa = XCBuildConfiguration;
			buildSettings = {
				ALWAYS_SEARCH_USER_PATHS = NO;
				CLANG_ANALYZER_NONNULL = YES;
				CLANG_ANALYZER_NUMBER_OBJECT_CONVERSION = YES_AGGRESSIVE;
				CLANG_CXX_LANGUAGE_STANDARD = "gnu++14";
				CLANG_CXX_LIBRARY = "libc++";
				CLANG_ENABLE_MODULES = YES;
				CLANG_ENABLE_OBJC_ARC = YES;
				CLANG_ENABLE_OBJC_WEAK = YES;
				CLANG_WARN_BLOCK_CAPTURE_AUTORELEASING = YES;
				CLANG_WARN_BOOL_CONVERSION = YES;
				CLANG_WARN_COMMA = YES;
				CLANG_WARN_CONSTANT_CONVERSION = YES;
				CLANG_WARN_DEPRECATED_OBJC_IMPLEMENTATIONS = YES;
				CLANG_WARN_DIRECT_OBJC_ISA_USAGE = YES_ERROR;
				CLANG_WARN_DOCUMENTATION_COMMENTS = YES;
				CLANG_WARN_EMPTY_BODY = YES;
				CLANG_WARN_ENUM_CONVERSION = YES;
				CLANG_WARN_INFINITE_RECURSION = YES;
				CLANG_WARN_INT_CONVERSION = YES;
				CLANG_WARN_NON_LITERAL_NULL_CONVERSION = YES;
				CLANG_WARN_OBJC_IMPLICIT_RETAIN_SELF = YES;
				CLANG_WARN_OBJC_LITERAL_CONVERSION = YES;
				CLANG_WARN_OBJC_ROOT_CLASS = YES_ERROR;
				CLANG_WARN_RANGE_LOOP_ANALYSIS = YES;
				CLANG_WARN_STRICT_PROTOTYPES = YES;
				CLANG_WARN_SUSPICIOUS_MOVE = YES;
				CLANG_WARN_UNGUARDED_AVAILABILITY = YES_AGGRESSIVE;
				CLANG_WARN_UNREACHABLE_CODE = YES;
				CLANG_WARN__DUPLICATE_METHOD_MATCH = YES;
				COPY_PHASE_STRIP = NO;
				DEBUG_INFORMATION_FORMAT = "dwarf-with-dsym";
				ENABLE_NS_ASSERTIONS = NO;
				ENABLE_STRICT_OBJC_MSGSEND = YES;
				GCC_C_LANGUAGE_STANDARD = gnu11;
				GCC_NO_COMMON_BLOCKS = YES;
				GCC_WARN_64_TO_32_BIT_CONVERSION = YES;
				GCC_WARN_ABOUT_RETURN_TYPE = YES_ERROR;
				GCC_WARN_UNDECLARED_SELECTOR = YES;
				GCC_WARN_UNINITIALIZED_AUTOS = YES_AGGRESSIVE;
				GCC_WARN_UNUSED_FUNCTION = YES;
				GCC_WARN_UNUSED_VARIABLE = YES;
				IPHONEOS_DEPLOYMENT_TARGET = 13.6;
				MTL_ENABLE_DEBUG_INFO = NO;
				MTL_FAST_MATH = YES;
				SDKROOT = iphoneos;
				SWIFT_COMPILATION_MODE = wholemodule;
				SWIFT_OPTIMIZATION_LEVEL = "-O";
				VALIDATE_PRODUCT = YES;
			};
			name = Release;
		};
		C0EDB6B124FCCD260064B15C /* Debug */ = {
			isa = XCBuildConfiguration;
			buildSettings = {
				ASSETCATALOG_COMPILER_APPICON_NAME = AppIcon;
				CODE_SIGN_STYLE = Automatic;
				INFOPLIST_FILE = THRouter/Info.plist;
				LD_RUNPATH_SEARCH_PATHS = (
					"$(inherited)",
					"@executable_path/Frameworks",
				);
				PRODUCT_BUNDLE_IDENTIFIER = com.oneclass.THRouter;
				PRODUCT_NAME = "$(TARGET_NAME)";
				SWIFT_VERSION = 5.0;
				TARGETED_DEVICE_FAMILY = "1,2";
			};
			name = Debug;
		};
		C0EDB6B224FCCD260064B15C /* Release */ = {
			isa = XCBuildConfiguration;
			buildSettings = {
				ASSETCATALOG_COMPILER_APPICON_NAME = AppIcon;
				CODE_SIGN_STYLE = Automatic;
				INFOPLIST_FILE = THRouter/Info.plist;
				LD_RUNPATH_SEARCH_PATHS = (
					"$(inherited)",
					"@executable_path/Frameworks",
				);
				PRODUCT_BUNDLE_IDENTIFIER = com.oneclass.THRouter;
				PRODUCT_NAME = "$(TARGET_NAME)";
				SWIFT_VERSION = 5.0;
				TARGETED_DEVICE_FAMILY = "1,2";
			};
			name = Release;
		};
/* End XCBuildConfiguration section */

/* Begin XCConfigurationList section */
		C0EDB69724FCCD200064B15C /* Build configuration list for PBXProject "THRouter" */ = {
			isa = XCConfigurationList;
			buildConfigurations = (
				C0EDB6AE24FCCD260064B15C /* Debug */,
				C0EDB6AF24FCCD260064B15C /* Release */,
			);
			defaultConfigurationIsVisible = 0;
			defaultConfigurationName = Release;
		};
		C0EDB6B024FCCD260064B15C /* Build configuration list for PBXNativeTarget "THRouter" */ = {
			isa = XCConfigurationList;
			buildConfigurations = (
				C0EDB6B124FCCD260064B15C /* Debug */,
				C0EDB6B224FCCD260064B15C /* Release */,
			);
			defaultConfigurationIsVisible = 0;
			defaultConfigurationName = Release;
		};
/* End XCConfigurationList section */
	};
	rootObject = C0EDB69424FCCD200064B15C /* Project object */;
}
